
Microsoft Visual Studio Solution File, Format Version 12.00
# Visual Studio Version 16
VisualStudioVersion = 16.0.30413.136
MinimumVisualStudioVersion = 10.0.40219.1
Project("{FAE04EC0-301F-11D3-BF4B-00C04F79EFBC}") = "snaps.wms.api.document", "snaps.wms.api.document.csproj", "{C7ADFF4A-C0AF-4F6C-89C5-0C3A6F791AE5}"
EndProject
Global
	GlobalSection(SolutionConfigurationPlatforms) = preSolution
		Debug|Any CPU = Debug|Any CPU
		Release|Any CPU = Release|Any CPU
	EndGlobalSection
	GlobalSection(ProjectConfigurationPlatforms) = postSolution
		{C7ADFF4A-C0AF-4F6C-89C5-0C3A6F791AE5}.Debug|Any CPU.ActiveCfg = Debug|Any CPU
		{C7ADFF4A-C0AF-4F6C-89C5-0C3A6F791AE5}.Debug|Any CPU.Build.0 = Debug|Any CPU
		{C7ADFF4A-C0AF-4F6C-89C5-0C3A6F791AE5}.Release|Any CPU.ActiveCfg = Release|Any CPU
		{C7ADFF4A-C0AF-4F6C-89C5-0C3A6F791AE5}.Release|Any CPU.Build.0 = Release|Any CPU
	EndGlobalSection
	GlobalSection(SolutionProperties) = preSolution
		HideSolutionNode = FALSE
	EndGlobalSection
	GlobalSection(ExtensibilityGlobals) = postSolution
		SolutionGuid = {496B25A3-1951-4FFA-A7CF-5AACFCFBC167}
	EndGlobalSection
EndGlobal
